
Microsoft Visual Studio Solution File, Format Version 12.00
# Visual Studio Version 17
VisualStudioVersion = 17.1.32328.378
MinimumVisualStudioVersion = 10.0.40219.1
Project("{9A19103F-16F7-4668-BE54-9A1E7A4F7556}") = "Konsolenanwendung", "Konsolenanwendung\Konsolenanwendung.csproj", "{4351B7F7-32E7-4FBC-BED4-673B63210D85}"
EndProject
Project("{FAE04EC0-301F-11D3-BF4B-00C04F79EFBC}") = "Test", "Test\Test.csproj", "{DEE1D79E-7C57-4B89-AB6B-4D5DFA262D23}"
EndProject
Global
	GlobalSection(SolutionConfigurationPlatforms) = preSolution
		Debug|Any CPU = Debug|Any CPU
		Release|Any CPU = Release|Any CPU
	EndGlobalSection
	GlobalSection(ProjectConfigurationPlatforms) = postSolution
		{4351B7F7-32E7-4FBC-BED4-673B63210D85}.Debug|Any CPU.ActiveCfg = Debug|Any CPU
		{4351B7F7-32E7-4FBC-BED4-673B63210D85}.Debug|Any CPU.Build.0 = Debug|Any CPU
		{4351B7F7-32E7-4FBC-BED4-673B63210D85}.Release|Any CPU.ActiveCfg = Release|Any CPU
		{4351B7F7-32E7-4FBC-BED4-673B63210D85}.Release|Any CPU.Build.0 = Release|Any CPU
		{DEE1D79E-7C57-4B89-AB6B-4D5DFA262D23}.Debug|Any CPU.ActiveCfg = Debug|Any CPU
		{DEE1D79E-7C57-4B89-AB6B-4D5DFA262D23}.Debug|Any CPU.Build.0 = Debug|Any CPU
		{DEE1D79E-7C57-4B89-AB6B-4D5DFA262D23}.Release|Any CPU.ActiveCfg = Release|Any CPU
		{DEE1D79E-7C57-4B89-AB6B-4D5DFA262D23}.Release|Any CPU.Build.0 = Release|Any CPU
	EndGlobalSection
	GlobalSection(SolutionProperties) = preSolution
		HideSolutionNode = FALSE
	EndGlobalSection
	GlobalSection(ExtensibilityGlobals) = postSolution
		SolutionGuid = {EBBA1ACA-73DC-493E-9E82-372FE8F2AE92}
	EndGlobalSection
EndGlobal
